// !$*UTF8*$!
{
	archiveVersion = 1;
	classes = {
	};
	objectVersion = 55;
	objects = {

/* Begin PBXBuildFile section */
		8ED2C6EA27032C1800CA1F85 /* AppDelegate.swift in Sources */ = {isa = PBXBuildFile; fileRef = 8ED2C6E927032C1800CA1F85 /* AppDelegate.swift */; };
		8ED2C6EC27032C1800CA1F85 /* SceneDelegate.swift in Sources */ = {isa = PBXBuildFile; fileRef = 8ED2C6EB27032C1800CA1F85 /* SceneDelegate.swift */; };
		8ED2C6EE27032C1800CA1F85 /* ItemListViewController.swift in Sources */ = {isa = PBXBuildFile; fileRef = 8ED2C6ED27032C1800CA1F85 /* ItemListViewController.swift */; };
		8ED2C6F127032C1800CA1F85 /* Main.storyboard in Resources */ = {isa = PBXBuildFile; fileRef = 8ED2C6EF27032C1800CA1F85 /* Main.storyboard */; };
		8ED2C6F427032C1800CA1F85 /* MyList_with_Core_Data.xcdatamodeld in Sources */ = {isa = PBXBuildFile; fileRef = 8ED2C6F227032C1800CA1F85 /* MyList_with_Core_Data.xcdatamodeld */; };
		8ED2C6F627032C1C00CA1F85 /* Assets.xcassets in Resources */ = {isa = PBXBuildFile; fileRef = 8ED2C6F527032C1C00CA1F85 /* Assets.xcassets */; };
		8ED2C6F927032C1C00CA1F85 /* LaunchScreen.storyboard in Resources */ = {isa = PBXBuildFile; fileRef = 8ED2C6F727032C1C00CA1F85 /* LaunchScreen.storyboard */; };
/* End PBXBuildFile section */

/* Begin PBXFileReference section */
		8ED2C6E627032C1800CA1F85 /* MyList with Core Data.app */ = {isa = PBXFileReference; explicitFileType = wrapper.application; includeInIndex = 0; path = "MyList with Core Data.app"; sourceTree = BUILT_PRODUCTS_DIR; };
		8ED2C6E927032C1800CA1F85 /* AppDelegate.swift */ = {isa = PBXFileReference; lastKnownFileType = sourcecode.swift; path = AppDelegate.swift; sourceTree = "<group>"; };
		8ED2C6EB27032C1800CA1F85 /* SceneDelegate.swift */ = {isa = PBXFileReference; lastKnownFileType = sourcecode.swift; path = SceneDelegate.swift; sourceTree = "<group>"; };
		8ED2C6ED27032C1800CA1F85 /* ItemListViewController.swift */ = {isa = PBXFileReference; lastKnownFileType = sourcecode.swift; path = ItemListViewController.swift; sourceTree = "<group>"; };
		8ED2C6F027032C1800CA1F85 /* Base */ = {isa = PBXFileReference; lastKnownFileType = file.storyboard; name = Base; path = Base.lproj/Main.storyboard; sourceTree = "<group>"; };
		8ED2C6F327032C1800CA1F85 /* MyList_with_Core_Data.xcdatamodel */ = {isa = PBXFileReference; lastKnownFileType = wrapper.xcdatamodel; path = MyList_with_Core_Data.xcdatamodel; sourceTree = "<group>"; };
		8ED2C6F527032C1C00CA1F85 /* Assets.xcassets */ = {isa = PBXFileReference; lastKnownFileType = folder.assetcatalog; path = Assets.xcassets; sourceTree = "<group>"; };
		8ED2C6F827032C1C00CA1F85 /* Base */ = {isa = PBXFileReference; lastKnownFileType = file.storyboard; name = Base; path = Base.lproj/LaunchScreen.storyboard; sourceTree = "<group>"; };
		8ED2C6FA27032C1C00CA1F85 /* Info.plist */ = {isa = PBXFileReference; lastKnownFileType = text.plist.xml; path = Info.plist; sourceTree = "<group>"; };
/* End PBXFileReference section */

/* Begin PBXFrameworksBuildPhase section */
		8ED2C6E327032C1700CA1F85 /* Frameworks */ = {
			isa = PBXFrameworksBuildPhase;
			buildActionMask = 2147483647;
			files = (
			);
			runOnlyForDeploymentPostprocessing = 0;
		};
/* End PBXFrameworksBuildPhase section */

/* Begin PBXGroup section */
		8ED2C6DD27032C1700CA1F85 = {
			isa = PBXGroup;
			children = (
				8ED2C6E827032C1800CA1F85 /* MyList with Core Data */,
				8ED2C6E727032C1800CA1F85 /* Products */,
			);
			sourceTree = "<group>";
		};
		8ED2C6E727032C1800CA1F85 /* Products */ = {
			isa = PBXGroup;
			children = (
				8ED2C6E627032C1800CA1F85 /* MyList with Core Data.app */,
			);
			name = Products;
			sourceTree = "<group>";
		};
		8ED2C6E827032C1800CA1F85 /* MyList with Core Data */ = {
			isa = PBXGroup;
			children = (
				8ED2C6E927032C1800CA1F85 /* AppDelegate.swift */,
				8ED2C6EB27032C1800CA1F85 /* SceneDelegate.swift */,
				8ED2C6ED27032C1800CA1F85 /* ItemListViewController.swift */,
				8ED2C6EF27032C1800CA1F85 /* Main.storyboard */,
				8ED2C6F527032C1C00CA1F85 /* Assets.xcassets */,
				8ED2C6F727032C1C00CA1F85 /* LaunchScreen.storyboard */,
				8ED2C6FA27032C1C00CA1F85 /* Info.plist */,
				8ED2C6F227032C1800CA1F85 /* MyList_with_Core_Data.xcdatamodeld */,
			);
			path = "MyList with Core Data";
			sourceTree = "<group>";
		};
/* End PBXGroup section */

/* Begin PBXNativeTarget section */
		8ED2C6E527032C1700CA1F85 /* MyList with Core Data */ = {
			isa = PBXNativeTarget;
			buildConfigurationList = 8ED2C6FD27032C1C00CA1F85 /* Build configuration list for PBXNativeTarget "MyList with Core Data" */;
			buildPhases = (
				8ED2C6E227032C1700CA1F85 /* Sources */,
				8ED2C6E327032C1700CA1F85 /* Frameworks */,
				8ED2C6E427032C1700CA1F85 /* Resources */,
			);
			buildRules = (
			);
			dependencies = (
			);
			name = "MyList with Core Data";
			productName = "MyList with Core Data";
			productReference = 8ED2C6E627032C1800CA1F85 /* MyList with Core Data.app */;
			productType = "com.apple.product-type.application";
		};
/* End PBXNativeTarget section */

/* Begin PBXProject section */
		8ED2C6DE27032C1700CA1F85 /* Project object */ = {
			isa = PBXProject;
			attributes = {
				BuildIndependentTargetsInParallel = 1;
				LastSwiftUpdateCheck = 1300;
				LastUpgradeCheck = 1300;
				TargetAttributes = {
					8ED2C6E527032C1700CA1F85 = {
						CreatedOnToolsVersion = 13.0;
					};
				};
			};
			buildConfigurationList = 8ED2C6E127032C1700CA1F85 /* Build configuration list for PBXProject "MyList with Core Data" */;
			compatibilityVersion = "Xcode 13.0";
			developmentRegion = en;
			hasScannedForEncodings = 0;
			knownRegions = (
				en,
				Base,
			);
			mainGroup = 8ED2C6DD27032C1700CA1F85;
			productRefGroup = 8ED2C6E727032C1800CA1F85 /* Products */;
			projectDirPath = "";
			projectRoot = "";
			targets = (
				8ED2C6E527032C1700CA1F85 /* MyList with Core Data */,
			);
		};
/* End PBXProject section */

/* Begin PBXResourcesBuildPhase section */
		8ED2C6E427032C1700CA1F85 /* Resources */ = {
			isa = PBXResourcesBuildPhase;
			buildActionMask = 2147483647;
			files = (
				8ED2C6F927032C1C00CA1F85 /* LaunchScreen.storyboard in Resources */,
				8ED2C6F627032C1C00CA1F85 /* Assets.xcassets in Resources */,
				8ED2C6F127032C1800CA1F85 /* Main.storyboard in Resources */,
			);
			runOnlyForDeploymentPostprocessing = 0;
		};
/* End PBXResourcesBuildPhase section */

/* Begin PBXSourcesBuildPhase section */
		8ED2C6E227032C1700CA1F85 /* Sources */ = {
			isa = PBXSourcesBuildPhase;
			buildActionMask = 2147483647;
			files = (
				8ED2C6F427032C1800CA1F85 /* MyList_with_Core_Data.xcdatamodeld in Sources */,
				8ED2C6EE27032C1800CA1F85 /* ItemListViewController.swift in Sources */,
				8ED2C6EA27032C1800CA1F85 /* AppDelegate.swift in Sources */,
				8ED2C6EC27032C1800CA1F85 /* SceneDelegate.swift in Sources */,
			);
			runOnlyForDeploymentPostprocessing = 0;
		};
/* End PBXSourcesBuildPhase section */

/* Begin PBXVariantGroup section */
		8ED2C6EF27032C1800CA1F85 /* Main.storyboard */ = {
			isa = PBXVariantGroup;
			children = (
				8ED2C6F027032C1800CA1F85 /* Base */,
			);
			name = Main.storyboard;
			sourceTree = "<group>";
		};
		8ED2C6F727032C1C00CA1F85 /* LaunchScreen.storyboard */ = {
			isa = PBXVariantGroup;
			children = (
				8ED2C6F827032C1C00CA1F85 /* Base */,
			);
			name = LaunchScreen.storyboard;
			sourceTree = "<group>";
		};
/* End PBXVariantGroup section */

/* Begin XCBuildConfiguration section */
		8ED2C6FB27032C1C00CA1F85 /* Debug */ = {
			isa = XCBuildConfiguration;
			buildSettings = {
				ALWAYS_SEARCH_USER_PATHS = NO;
				CLANG_ANALYZER_NONNULL = YES;
				CLANG_ANALYZER_NUMBER_OBJECT_CONVERSION = YES_AGGRESSIVE;
				CLANG_CXX_LANGUAGE_STANDARD = "gnu++17";
				CLANG_CXX_LIBRARY = "libc++";
				CLANG_ENABLE_MODULES = YES;
				CLANG_ENABLE_OBJC_ARC = YES;
				CLANG_ENABLE_OBJC_WEAK = YES;
				CLANG_WARN_BLOCK_CAPTURE_AUTORELEASING = YES;
				CLANG_WARN_BOOL_CONVERSION = YES;
				CLANG_WARN_COMMA = YES;
				CLANG_WARN_CONSTANT_CONVERSION = YES;
				CLANG_WARN_DEPRECATED_OBJC_IMPLEMENTATIONS = YES;
				CLANG_WARN_DIRECT_OBJC_ISA_USAGE = YES_ERROR;
				CLANG_WARN_DOCUMENTATION_COMMENTS = YES;
				CLANG_WARN_EMPTY_BODY = YES;
				CLANG_WARN_ENUM_CONVERSION = YES;
				CLANG_WARN_INFINITE_RECURSION = YES;
				CLANG_WARN_INT_CONVERSION = YES;
				CLANG_WARN_NON_LITERAL_NULL_CONVERSION = YES;
				CLANG_WARN_OBJC_IMPLICIT_RETAIN_SELF = YES;
				CLANG_WARN_OBJC_LITERAL_CONVERSION = YES;
				CLANG_WARN_OBJC_ROOT_CLASS = YES_ERROR;
				CLANG_WARN_QUOTED_INCLUDE_IN_FRAMEWORK_HEADER = YES;
				CLANG_WARN_RANGE_LOOP_ANALYSIS = YES;
				CLANG_WARN_STRICT_PROTOTYPES = YES;
				CLANG_WARN_SUSPICIOUS_MOVE = YES;
				CLANG_WARN_UNGUARDED_AVAILABILITY = YES_AGGRESSIVE;
				CLANG_WARN_UNREACHABLE_CODE = YES;
				CLANG_WARN__DUPLICATE_METHOD_MATCH = YES;
				COPY_PHASE_STRIP = NO;
				DEBUG_INFORMATION_FORMAT = dwarf;
				ENABLE_STRICT_OBJC_MSGSEND = YES;
				ENABLE_TESTABILITY = YES;
				GCC_C_LANGUAGE_STANDARD = gnu11;
				GCC_DYNAMIC_NO_PIC = NO;
				GCC_NO_COMMON_BLOCKS = YES;
				GCC_OPTIMIZATION_LEVEL = 0;
				GCC_PREPROCESSOR_DEFINITIONS = (
					"DEBUG=1",
					"$(inherited)",
				);
				GCC_WARN_64_TO_32_BIT_CONVERSION = YES;
				GCC_WARN_ABOUT_RETURN_TYPE = YES_ERROR;
				GCC_WARN_UNDECLARED_SELECTOR = YES;
				GCC_WARN_UNINITIALIZED_AUTOS = YES_AGGRESSIVE;
				GCC_WARN_UNUSED_FUNCTION = YES;
				GCC_WARN_UNUSED_VARIABLE = YES;
				IPHONEOS_DEPLOYMENT_TARGET = 15.0;
				MTL_ENABLE_DEBUG_INFO = INCLUDE_SOURCE;
				MTL_FAST_MATH = YES;
				ONLY_ACTIVE_ARCH = YES;
				SDKROOT = iphoneos;
				SWIFT_ACTIVE_COMPILATION_CONDITIONS = DEBUG;
				SWIFT_OPTIMIZATION_LEVEL = "-Onone";
			};
			name = Debug;
		};
		8ED2C6FC27032C1C00CA1F85 /* Release */ = {
			isa = XCBuildConfiguration;
			buildSettings = {
				ALWAYS_SEARCH_USER_PATHS = NO;
				CLANG_ANALYZER_NONNULL = YES;
				CLANG_ANALYZER_NUMBER_OBJECT_CONVERSION = YES_AGGRESSIVE;
				CLANG_CXX_LANGUAGE_STANDARD = "gnu++17";
				CLANG_CXX_LIBRARY = "libc++";
				CLANG_ENABLE_MODULES = YES;
				CLANG_ENABLE_OBJC_ARC = YES;
				CLANG_ENABLE_OBJC_WEAK = YES;
				CLANG_WARN_BLOCK_CAPTURE_AUTORELEASING = YES;
				CLANG_WARN_BOOL_CONVERSION = YES;
				CLANG_WARN_COMMA = YES;
				CLANG_WARN_CONSTANT_CONVERSION = YES;
				CLANG_WARN_DEPRECATED_OBJC_IMPLEMENTATIONS = YES;
				CLANG_WARN_DIRECT_OBJC_ISA_USAGE = YES_ERROR;
				CLANG_WARN_DOCUMENTATION_COMMENTS = YES;
				CLANG_WARN_EMPTY_BODY = YES;
				CLANG_WARN_ENUM_CONVERSION = YES;
				CLANG_WARN_INFINITE_RECURSION = YES;
				CLANG_WARN_INT_CONVERSION = YES;
				CLANG_WARN_NON_LITERAL_NULL_CONVERSION = YES;
				CLANG_WARN_OBJC_IMPLICIT_RETAIN_SELF = YES;
				CLANG_WARN_OBJC_LITERAL_CONVERSION = YES;
				CLANG_WARN_OBJC_ROOT_CLASS = YES_ERROR;
				CLANG_WARN_QUOTED_INCLUDE_IN_FRAMEWORK_HEADER = YES;
				CLANG_WARN_RANGE_LOOP_ANALYSIS = YES;
				CLANG_WARN_STRICT_PROTOTYPES = YES;
				CLANG_WARN_SUSPICIOUS_MOVE = YES;
				CLANG_WARN_UNGUARDED_AVAILABILITY = YES_AGGRESSIVE;
				CLANG_WARN_UNREACHABLE_CODE = YES;
				CLANG_WARN__DUPLICATE_METHOD_MATCH = YES;
				COPY_PHASE_STRIP = NO;
				DEBUG_INFORMATION_FORMAT = "dwarf-with-dsym";
				ENABLE_NS_ASSERTIONS = NO;
				ENABLE_STRICT_OBJC_MSGSEND = YES;
				GCC_C_LANGUAGE_STANDARD = gnu11;
				GCC_NO_COMMON_BLOCKS = YES;
				GCC_WARN_64_TO_32_BIT_CONVERSION = YES;
				GCC_WARN_ABOUT_RETURN_TYPE = YES_ERROR;
				GCC_WARN_UNDECLARED_SELECTOR = YES;
				GCC_WARN_UNINITIALIZED_AUTOS = YES_AGGRESSIVE;
				GCC_WARN_UNUSED_FUNCTION = YES;
				GCC_WARN_UNUSED_VARIABLE = YES;
				IPHONEOS_DEPLOYMENT_TARGET = 15.0;
				MTL_ENABLE_DEBUG_INFO = NO;
				MTL_FAST_MATH = YES;
				SDKROOT = iphoneos;
				SWIFT_COMPILATION_MODE = wholemodule;
				SWIFT_OPTIMIZATION_LEVEL = "-O";
				VALIDATE_PRODUCT = YES;
			};
			name = Release;
		};
		8ED2C6FE27032C1C00CA1F85 /* Debug */ = {
			isa = XCBuildConfiguration;
			buildSettings = {
				ASSETCATALOG_COMPILER_APPICON_NAME = AppIcon;
				ASSETCATALOG_COMPILER_GLOBAL_ACCENT_COLOR_NAME = AccentColor;
				CODE_SIGN_STYLE = Automatic;
				CURRENT_PROJECT_VERSION = 1;
				DEVELOPMENT_TEAM = 66FTN72JRF;
				GENERATE_INFOPLIST_FILE = YES;
				INFOPLIST_FILE = "MyList with Core Data/Info.plist";
				INFOPLIST_KEY_UIApplicationSupportsIndirectInputEvents = YES;
				INFOPLIST_KEY_UILaunchStoryboardName = LaunchScreen;
				INFOPLIST_KEY_UIMainStoryboardFile = Main;
				INFOPLIST_KEY_UISupportedInterfaceOrientations_iPad = "UIInterfaceOrientationPortrait UIInterfaceOrientationPortraitUpsideDown UIInterfaceOrientationLandscapeLeft UIInterfaceOrientationLandscapeRight";
				INFOPLIST_KEY_UISupportedInterfaceOrientations_iPhone = "UIInterfaceOrientationPortrait UIInterfaceOrientationLandscapeLeft UIInterfaceOrientationLandscapeRight";
				LD_RUNPATH_SEARCH_PATHS = (
					"$(inherited)",
					"@executable_path/Frameworks",
				);
				MARKETING_VERSION = 1.0;
				PRODUCT_BUNDLE_IDENTIFIER = "KamilPawlak.MyList-with-Core-Data";
				PRODUCT_NAME = "$(TARGET_NAME)";
				SWIFT_EMIT_LOC_STRINGS = YES;
				SWIFT_VERSION = 5.0;
				TARGETED_DEVICE_FAMILY = "1,2";
			};
			name = Debug;
		};
		8ED2C6FF27032C1C00CA1F85 /* Release */ = {
			isa = XCBuildConfiguration;
			buildSettings = {
				ASSETCATALOG_COMPILER_APPICON_NAME = AppIcon;
				ASSETCATALOG_COMPILER_GLOBAL_ACCENT_COLOR_NAME = AccentColor;
				CODE_SIGN_STYLE = Automatic;
				CURRENT_PROJECT_VERSION = 1;
				DEVELOPMENT_TEAM = 66FTN72JRF;
				GENERATE_INFOPLIST_FILE = YES;
				INFOPLIST_FILE = "MyList with Core Data/Info.plist";
				INFOPLIST_KEY_UIApplicationSupportsIndirectInputEvents = YES;
				INFOPLIST_KEY_UILaunchStoryboardName = LaunchScreen;
				INFOPLIST_KEY_UIMainStoryboardFile = Main;
				INFOPLIST_KEY_UISupportedInterfaceOrientations_iPad = "UIInterfaceOrientationPortrait UIInterfaceOrientationPortraitUpsideDown UIInterfaceOrientationLandscapeLeft UIInterfaceOrientationLandscapeRight";
				INFOPLIST_KEY_UISupportedInterfaceOrientations_iPhone = "UIInterfaceOrientationPortrait UIInterfaceOrientationLandscapeLeft UIInterfaceOrientationLandscapeRight";
				LD_RUNPATH_SEARCH_PATHS = (
					"$(inherited)",
					"@executable_path/Frameworks",
				);
				MARKETING_VERSION = 1.0;
				PRODUCT_BUNDLE_IDENTIFIER = "KamilPawlak.MyList-with-Core-Data";
				PRODUCT_NAME = "$(TARGET_NAME)";
				SWIFT_EMIT_LOC_STRINGS = YES;
				SWIFT_VERSION = 5.0;
				TARGETED_DEVICE_FAMILY = "1,2";
			};
			name = Release;
		};
/* End XCBuildConfiguration section */

/* Begin XCConfigurationList section */
		8ED2C6E127032C1700CA1F85 /* Build configuration list for PBXProject "MyList with Core Data" */ = {
			isa = XCConfigurationList;
			buildConfigurations = (
				8ED2C6FB27032C1C00CA1F85 /* Debug */,
				8ED2C6FC27032C1C00CA1F85 /* Release */,
			);
			defaultConfigurationIsVisible = 0;
			defaultConfigurationName = Release;
		};
		8ED2C6FD27032C1C00CA1F85 /* Build configuration list for PBXNativeTarget "MyList with Core Data" */ = {
			isa = XCConfigurationList;
			buildConfigurations = (
				8ED2C6FE27032C1C00CA1F85 /* Debug */,
				8ED2C6FF27032C1C00CA1F85 /* Release */,
			);
			defaultConfigurationIsVisible = 0;
			defaultConfigurationName = Release;
		};
/* End XCConfigurationList section */

/* Begin XCVersionGroup section */
		8ED2C6F227032C1800CA1F85 /* MyList_with_Core_Data.xcdatamodeld */ = {
			isa = XCVersionGroup;
			children = (
				8ED2C6F327032C1800CA1F85 /* MyList_with_Core_Data.xcdatamodel */,
			);
			currentVersion = 8ED2C6F327032C1800CA1F85 /* MyList_with_Core_Data.xcdatamodel */;
			path = MyList_with_Core_Data.xcdatamodeld;
			sourceTree = "<group>";
			versionGroupType = wrapper.xcdatamodel;
		};
/* End XCVersionGroup section */
	};
	rootObject = 8ED2C6DE27032C1700CA1F85 /* Project object */;
}
